
Microsoft Visual Studio Solution File, Format Version 12.00
Project("{FAE04EC0-301F-11D3-BF4B-00C04F79EFBC}") = "Nostradamus.Core", "Nostradamus.Core\Nostradamus.Core.csproj", "{08BD94E6-1CA3-4B6A-8102-5BBAD311131D}"
EndProject
Project("{FAE04EC0-301F-11D3-BF4B-00C04F79EFBC}") = "Nostradamus.Parsers.Roslyn", "Nostradamus.Parsers.Roslyn\Nostradamus.Parsers.Roslyn.csproj", "{B41406B3-8D45-4236-A758-6A38A9B949D4}"
EndProject
Project("{FAE04EC0-301F-11D3-BF4B-00C04F79EFBC}") = "Nostradamus.Parsers.Roslyn.Tests", "..\tests\Nostradamus.Parsers.Roslyn.Tests\Nostradamus.Parsers.Roslyn.Tests.csproj", "{B3858BBA-4C07-45F0-AD1C-D1EFE73153C1}"
EndProject
Global
	GlobalSection(SolutionConfigurationPlatforms) = preSolution
		Debug|Any CPU = Debug|Any CPU
		Release|Any CPU = Release|Any CPU
	EndGlobalSection
	GlobalSection(ProjectConfigurationPlatforms) = postSolution
		{08BD94E6-1CA3-4B6A-8102-5BBAD311131D}.Debug|Any CPU.ActiveCfg = Debug|Any CPU
		{08BD94E6-1CA3-4B6A-8102-5BBAD311131D}.Debug|Any CPU.Build.0 = Debug|Any CPU
		{08BD94E6-1CA3-4B6A-8102-5BBAD311131D}.Release|Any CPU.ActiveCfg = Release|Any CPU
		{08BD94E6-1CA3-4B6A-8102-5BBAD311131D}.Release|Any CPU.Build.0 = Release|Any CPU
		{B41406B3-8D45-4236-A758-6A38A9B949D4}.Debug|Any CPU.ActiveCfg = Debug|Any CPU
		{B41406B3-8D45-4236-A758-6A38A9B949D4}.Debug|Any CPU.Build.0 = Debug|Any CPU
		{B41406B3-8D45-4236-A758-6A38A9B949D4}.Release|Any CPU.ActiveCfg = Release|Any CPU
		{B41406B3-8D45-4236-A758-6A38A9B949D4}.Release|Any CPU.Build.0 = Release|Any CPU
		{B3858BBA-4C07-45F0-AD1C-D1EFE73153C1}.Debug|Any CPU.ActiveCfg = Debug|Any CPU
		{B3858BBA-4C07-45F0-AD1C-D1EFE73153C1}.Debug|Any CPU.Build.0 = Debug|Any CPU
		{B3858BBA-4C07-45F0-AD1C-D1EFE73153C1}.Release|Any CPU.ActiveCfg = Release|Any CPU
		{B3858BBA-4C07-45F0-AD1C-D1EFE73153C1}.Release|Any CPU.Build.0 = Release|Any CPU
	EndGlobalSection
EndGlobal
